
Microsoft Visual Studio Solution File, Format Version 12.00
# Visual Studio Version 16
VisualStudioVersion = 16.0.31005.135
MinimumVisualStudioVersion = 10.0.40219.1
Project("{9A19103F-16F7-4668-BE54-9A1E7A4F7556}") = "WPFGraphicUserInterface", "WPFGraphicUserInterface\WPFGraphicUserInterface.csproj", "{C2DDE546-7454-497E-83FF-6ED666F97166}"
EndProject
Project("{9A19103F-16F7-4668-BE54-9A1E7A4F7556}") = "Models", "Models\Models.csproj", "{3291C02C-80B7-4778-9D89-B062974BCD8F}"
EndProject
Project("{9A19103F-16F7-4668-BE54-9A1E7A4F7556}") = "Infrastructure", "Infrastructure\Infrastructure.csproj", "{FB9BE40C-F3E1-4D3E-B248-3EE0E5F6832C}"
EndProject
Project("{FAE04EC0-301F-11D3-BF4B-00C04F79EFBC}") = "CustomButtonsLibrary", "CustomButtonsLibrary\CustomButtonsLibrary.csproj", "{C565867F-17A1-4C18-916A-8BEA19B2904E}"
EndProject
Project("{FAE04EC0-301F-11D3-BF4B-00C04F79EFBC}") = "CustomBrushesLibrary", "CustomBrushesLibrary\CustomBrushesLibrary.csproj", "{C03B7E7A-9C93-47F3-9B90-435B8685CC17}"
EndProject
Global
	GlobalSection(SolutionConfigurationPlatforms) = preSolution
		Debug|Any CPU = Debug|Any CPU
		Release|Any CPU = Release|Any CPU
	EndGlobalSection
	GlobalSection(ProjectConfigurationPlatforms) = postSolution
		{C2DDE546-7454-497E-83FF-6ED666F97166}.Debug|Any CPU.ActiveCfg = Debug|Any CPU
		{C2DDE546-7454-497E-83FF-6ED666F97166}.Debug|Any CPU.Build.0 = Debug|Any CPU
		{C2DDE546-7454-497E-83FF-6ED666F97166}.Release|Any CPU.ActiveCfg = Release|Any CPU
		{C2DDE546-7454-497E-83FF-6ED666F97166}.Release|Any CPU.Build.0 = Release|Any CPU
		{3291C02C-80B7-4778-9D89-B062974BCD8F}.Debug|Any CPU.ActiveCfg = Debug|Any CPU
		{3291C02C-80B7-4778-9D89-B062974BCD8F}.Debug|Any CPU.Build.0 = Debug|Any CPU
		{3291C02C-80B7-4778-9D89-B062974BCD8F}.Release|Any CPU.ActiveCfg = Release|Any CPU
		{3291C02C-80B7-4778-9D89-B062974BCD8F}.Release|Any CPU.Build.0 = Release|Any CPU
		{FB9BE40C-F3E1-4D3E-B248-3EE0E5F6832C}.Debug|Any CPU.ActiveCfg = Debug|Any CPU
		{FB9BE40C-F3E1-4D3E-B248-3EE0E5F6832C}.Debug|Any CPU.Build.0 = Debug|Any CPU
		{FB9BE40C-F3E1-4D3E-B248-3EE0E5F6832C}.Release|Any CPU.ActiveCfg = Release|Any CPU
		{FB9BE40C-F3E1-4D3E-B248-3EE0E5F6832C}.Release|Any CPU.Build.0 = Release|Any CPU
		{C565867F-17A1-4C18-916A-8BEA19B2904E}.Debug|Any CPU.ActiveCfg = Debug|Any CPU
		{C565867F-17A1-4C18-916A-8BEA19B2904E}.Debug|Any CPU.Build.0 = Debug|Any CPU
		{C565867F-17A1-4C18-916A-8BEA19B2904E}.Release|Any CPU.ActiveCfg = Release|Any CPU
		{C565867F-17A1-4C18-916A-8BEA19B2904E}.Release|Any CPU.Build.0 = Release|Any CPU
		{C03B7E7A-9C93-47F3-9B90-435B8685CC17}.Debug|Any CPU.ActiveCfg = Debug|Any CPU
		{C03B7E7A-9C93-47F3-9B90-435B8685CC17}.Debug|Any CPU.Build.0 = Debug|Any CPU
		{C03B7E7A-9C93-47F3-9B90-435B8685CC17}.Release|Any CPU.ActiveCfg = Release|Any CPU
		{C03B7E7A-9C93-47F3-9B90-435B8685CC17}.Release|Any CPU.Build.0 = Release|Any CPU
	EndGlobalSection
	GlobalSection(SolutionProperties) = preSolution
		HideSolutionNode = FALSE
	EndGlobalSection
	GlobalSection(ExtensibilityGlobals) = postSolution
		SolutionGuid = {CE4A31E1-D4C0-4EB0-83D0-F6A1D9B2BD80}
	EndGlobalSection
EndGlobal
